
Microsoft Visual Studio Solution File, Format Version 12.00
# Visual Studio Version 17
VisualStudioVersion = 17.8.34316.72
MinimumVisualStudioVersion = 10.0.40219.1
Project("{FAE04EC0-301F-11D3-BF4B-00C04F79EFBC}") = "ADET sample", "ADET sample\ADET sample.csproj", "{EA756311-E4CB-44C1-BBE7-6E3780177686}"
EndProject
Global
	GlobalSection(SolutionConfigurationPlatforms) = preSolution
		Debug|Any CPU = Debug|Any CPU
		Release|Any CPU = Release|Any CPU
	EndGlobalSection
	GlobalSection(ProjectConfigurationPlatforms) = postSolution
		{EA756311-E4CB-44C1-BBE7-6E3780177686}.Debug|Any CPU.ActiveCfg = Debug|Any CPU
		{EA756311-E4CB-44C1-BBE7-6E3780177686}.Debug|Any CPU.Build.0 = Debug|Any CPU
		{EA756311-E4CB-44C1-BBE7-6E3780177686}.Release|Any CPU.ActiveCfg = Release|Any CPU
		{EA756311-E4CB-44C1-BBE7-6E3780177686}.Release|Any CPU.Build.0 = Release|Any CPU
	EndGlobalSection
	GlobalSection(SolutionProperties) = preSolution
		HideSolutionNode = FALSE
	EndGlobalSection
	GlobalSection(ExtensibilityGlobals) = postSolution
		SolutionGuid = {AF111AD7-04A1-4CC4-8B87-67AC493BB3ED}
	EndGlobalSection
EndGlobal
